
Microsoft Visual Studio Solution File, Format Version 12.00
# Visual Studio Version 16
VisualStudioVersion = 16.0.29209.62
MinimumVisualStudioVersion = 10.0.40219.1
Project("{9A19103F-16F7-4668-BE54-9A1E7A4F7556}") = "GrpcTests1", "GrpcTests1\GrpcTests1.csproj", "{C2D6ED9F-1037-42DF-B625-DB6CF8C7E9FB}"
EndProject
Project("{9A19103F-16F7-4668-BE54-9A1E7A4F7556}") = "GrpcTests2", "GrpcTests2\GrpcTests2.csproj", "{FF29256B-0924-41C7-AE33-DC82DC94CD0C}"
EndProject
Project("{9A19103F-16F7-4668-BE54-9A1E7A4F7556}") = "GrpcTests3", "GrpcTests3\GrpcTests3.csproj", "{4FEC0C01-2D30-4151-A3B4-A40A71FE6619}"
EndProject
Project("{9A19103F-16F7-4668-BE54-9A1E7A4F7556}") = "GrpcTests4", "GrpcTests4\GrpcTests4.csproj", "{010F4B24-13E2-49E4-9819-E7DD8FD71568}"
EndProject
Global
	GlobalSection(SolutionConfigurationPlatforms) = preSolution
		Debug|Any CPU = Debug|Any CPU
		Release|Any CPU = Release|Any CPU
	EndGlobalSection
	GlobalSection(ProjectConfigurationPlatforms) = postSolution
		{C2D6ED9F-1037-42DF-B625-DB6CF8C7E9FB}.Debug|Any CPU.ActiveCfg = Debug|Any CPU
		{C2D6ED9F-1037-42DF-B625-DB6CF8C7E9FB}.Debug|Any CPU.Build.0 = Debug|Any CPU
		{C2D6ED9F-1037-42DF-B625-DB6CF8C7E9FB}.Release|Any CPU.ActiveCfg = Release|Any CPU
		{C2D6ED9F-1037-42DF-B625-DB6CF8C7E9FB}.Release|Any CPU.Build.0 = Release|Any CPU
		{FF29256B-0924-41C7-AE33-DC82DC94CD0C}.Debug|Any CPU.ActiveCfg = Debug|Any CPU
		{FF29256B-0924-41C7-AE33-DC82DC94CD0C}.Debug|Any CPU.Build.0 = Debug|Any CPU
		{FF29256B-0924-41C7-AE33-DC82DC94CD0C}.Release|Any CPU.ActiveCfg = Release|Any CPU
		{FF29256B-0924-41C7-AE33-DC82DC94CD0C}.Release|Any CPU.Build.0 = Release|Any CPU
		{4FEC0C01-2D30-4151-A3B4-A40A71FE6619}.Debug|Any CPU.ActiveCfg = Debug|Any CPU
		{4FEC0C01-2D30-4151-A3B4-A40A71FE6619}.Debug|Any CPU.Build.0 = Debug|Any CPU
		{4FEC0C01-2D30-4151-A3B4-A40A71FE6619}.Release|Any CPU.ActiveCfg = Release|Any CPU
		{4FEC0C01-2D30-4151-A3B4-A40A71FE6619}.Release|Any CPU.Build.0 = Release|Any CPU
		{010F4B24-13E2-49E4-9819-E7DD8FD71568}.Debug|Any CPU.ActiveCfg = Debug|Any CPU
		{010F4B24-13E2-49E4-9819-E7DD8FD71568}.Debug|Any CPU.Build.0 = Debug|Any CPU
		{010F4B24-13E2-49E4-9819-E7DD8FD71568}.Release|Any CPU.ActiveCfg = Release|Any CPU
		{010F4B24-13E2-49E4-9819-E7DD8FD71568}.Release|Any CPU.Build.0 = Release|Any CPU
	EndGlobalSection
	GlobalSection(SolutionProperties) = preSolution
		HideSolutionNode = FALSE
	EndGlobalSection
	GlobalSection(ExtensibilityGlobals) = postSolution
		SolutionGuid = {BD091AA9-E46D-475E-A2DC-7E4B9FC1EACF}
	EndGlobalSection
EndGlobal
